
Microsoft Visual Studio Solution File, Format Version 12.00
# Visual Studio Version 16
VisualStudioVersion = 16.0.30626.31
MinimumVisualStudioVersion = 10.0.40219.1
Project("{FAE04EC0-301F-11D3-BF4B-00C04F79EFBC}") = "Student_WebAPI", "Student_WebAPI.csproj", "{DA1EA732-1A30-4F4C-AE69-2E66FC59E51A}"
EndProject
Global
	GlobalSection(SolutionConfigurationPlatforms) = preSolution
		Debug|Any CPU = Debug|Any CPU
		Release|Any CPU = Release|Any CPU
	EndGlobalSection
	GlobalSection(ProjectConfigurationPlatforms) = postSolution
		{DA1EA732-1A30-4F4C-AE69-2E66FC59E51A}.Debug|Any CPU.ActiveCfg = Debug|Any CPU
		{DA1EA732-1A30-4F4C-AE69-2E66FC59E51A}.Debug|Any CPU.Build.0 = Debug|Any CPU
		{DA1EA732-1A30-4F4C-AE69-2E66FC59E51A}.Release|Any CPU.ActiveCfg = Release|Any CPU
		{DA1EA732-1A30-4F4C-AE69-2E66FC59E51A}.Release|Any CPU.Build.0 = Release|Any CPU
	EndGlobalSection
	GlobalSection(SolutionProperties) = preSolution
		HideSolutionNode = FALSE
	EndGlobalSection
	GlobalSection(ExtensibilityGlobals) = postSolution
		SolutionGuid = {96902678-1229-4EF8-AF94-79FFDD6164E5}
	EndGlobalSection
EndGlobal
